lockfileVersion: '9.0'

settings:
  autoInstallPeers: true
  excludeLinksFromLockfile: false

importers:

  .:
    dependencies:
      dotnet:
        specifier: ^1.1.4
        version: 1.1.4

packages:

  asap@2.0.6:
    resolution: {integrity: sha512-BSHWgDSAiKs50o2Re8ppvp3seVHXSRM44cdSsT9FfNEUUZLOGWVCsiWaRPWM1Znn+mqZ1OfVZ3z3DWEzSp7hRA==}

  commander@14.0.2:
    resolution: {integrity: sha512-TywoWNNRbhoD0BXs1P3ZEScW8W5iKrnbithIl0YH+uCmBd0QpPOA8yc82DS3BIE5Ma6FnBVUsJ7wVUDz4dvOWQ==}
    engines: {node: '>=20'}

  dotnet@1.1.4:
    resolution: {integrity: sha512-JxRiwvNLTpIkjpphFNovyCARQbrQCMZY4OP7Q61JPGCDpvE3aJnm6Fo6x0LmroGE3L7yo7unKNRZ6aViDLR/0g==}

  minimist@1.2.8:
    resolution: {integrity: sha512-2yyAR8qBkN3YuheJanUpWC5U3bb5osDywNB8RzDVlDwDHbocAJveqqj1u8+SVD7jkWT4yvsHCpWqqWqAxb0zCA==}

  promise@8.3.0:
    resolution: {integrity: sha512-rZPNPKTOYVNEEKFaq1HqTgOwZD+4/YHS5ukLzQCypkj+OkYx7iv0mA91lJlpPPZ8vMau3IIGj5Qlwrx+8iiSmg==}

snapshots:

  asap@2.0.6: {}

  commander@14.0.2: {}

  dotnet@1.1.4:
    dependencies:
      commander: 14.0.2
      minimist: 1.2.8
      promise: 8.3.0

  minimist@1.2.8: {}

  promise@8.3.0:
    dependencies:
      asap: 2.0.6
